
Microsoft Visual Studio Solution File, Format Version 12.00
# Visual Studio Version 17
VisualStudioVersion = 17.8.34408.163
MinimumVisualStudioVersion = 10.0.40219.1
Project("{FAE04EC0-301F-11D3-BF4B-00C04F79EFBC}") = "ChatBot", "ChatBot.csproj", "{153681AC-0B77-4A8C-8610-AF821215A5CA}"
EndProject
Global
	GlobalSection(SolutionConfigurationPlatforms) = preSolution
		Debug|Any CPU = Debug|Any CPU
		Release|Any CPU = Release|Any CPU
	EndGlobalSection
	GlobalSection(ProjectConfigurationPlatforms) = postSolution
		{153681AC-0B77-4A8C-8610-AF821215A5CA}.Debug|Any CPU.ActiveCfg = Debug|Any CPU
		{153681AC-0B77-4A8C-8610-AF821215A5CA}.Debug|Any CPU.Build.0 = Debug|Any CPU
		{153681AC-0B77-4A8C-8610-AF821215A5CA}.Release|Any CPU.ActiveCfg = Release|Any CPU
		{153681AC-0B77-4A8C-8610-AF821215A5CA}.Release|Any CPU.Build.0 = Release|Any CPU
	EndGlobalSection
	GlobalSection(SolutionProperties) = preSolution
		HideSolutionNode = FALSE
	EndGlobalSection
	GlobalSection(ExtensibilityGlobals) = postSolution
		SolutionGuid = {5947AC2D-0086-42B9-9401-684A9F37ED00}
	EndGlobalSection
EndGlobal
